
Microsoft Visual Studio Solution File, Format Version 12.00
# Visual Studio Version 17
VisualStudioVersion = 17.4.33213.308
MinimumVisualStudioVersion = 10.0.40219.1
Project("{FAE04EC0-301F-11D3-BF4B-00C04F79EFBC}") = "InstarBot", "InstarBot\InstarBot.csproj", "{5663F6B4-9A4E-4007-9D2B-8552BB3645A6}"
EndProject
Global
	GlobalSection(SolutionConfigurationPlatforms) = preSolution
		Debug|Any CPU = Debug|Any CPU
		Release|Any CPU = Release|Any CPU
	EndGlobalSection
	GlobalSection(ProjectConfigurationPlatforms) = postSolution
		{5663F6B4-9A4E-4007-9D2B-8552BB3645A6}.Debug|Any CPU.ActiveCfg = Debug|Any CPU
		{5663F6B4-9A4E-4007-9D2B-8552BB3645A6}.Debug|Any CPU.Build.0 = Debug|Any CPU
		{5663F6B4-9A4E-4007-9D2B-8552BB3645A6}.Release|Any CPU.ActiveCfg = Release|Any CPU
		{5663F6B4-9A4E-4007-9D2B-8552BB3645A6}.Release|Any CPU.Build.0 = Release|Any CPU
	EndGlobalSection
	GlobalSection(SolutionProperties) = preSolution
		HideSolutionNode = FALSE
	EndGlobalSection
	GlobalSection(ExtensibilityGlobals) = postSolution
		SolutionGuid = {9C6230CA-16D9-482C-8576-82F3F7D72843}
	EndGlobalSection
EndGlobal
